
Microsoft Visual Studio Solution File, Format Version 12.00
Project("{FAE04EC0-301F-11D3-BF4B-00C04F79EFBC}") = "DigitalRain2.0", "DigitalRain2.0\DigitalRain2.0.csproj", "{5519DDBA-CC52-43E6-AA01-87967703ABD5}"
EndProject
Global
	GlobalSection(SolutionConfigurationPlatforms) = preSolution
		Debug|Any CPU = Debug|Any CPU
		Release|Any CPU = Release|Any CPU
	EndGlobalSection
	GlobalSection(ProjectConfigurationPlatforms) = postSolution
		{5519DDBA-CC52-43E6-AA01-87967703ABD5}.Debug|Any CPU.ActiveCfg = Debug|Any CPU
		{5519DDBA-CC52-43E6-AA01-87967703ABD5}.Debug|Any CPU.Build.0 = Debug|Any CPU
		{5519DDBA-CC52-43E6-AA01-87967703ABD5}.Release|Any CPU.ActiveCfg = Release|Any CPU
		{5519DDBA-CC52-43E6-AA01-87967703ABD5}.Release|Any CPU.Build.0 = Release|Any CPU
	EndGlobalSection
EndGlobal
